
Microsoft Visual Studio Solution File, Format Version 12.00
# Visual Studio Version 16
VisualStudioVersion = 16.0.29025.244
MinimumVisualStudioVersion = 10.0.40219.1
Project("{FAE04EC0-301F-11D3-BF4B-00C04F79EFBC}") = "Target.Site.8.1.0", "Target.Site.8.1.0\Target.Site.8.1.0.csproj", "{3F479CC7-2479-4837-8032-3049D2030F6E}"
EndProject
Project("{FAE04EC0-301F-11D3-BF4B-00C04F79EFBC}") = "Target.Site.7.12.4", "Target.Site.7.12.4\Target.Site.7.12.4.csproj", "{DEBC2B7F-71D5-4572-A5C7-E2CA57386E03}"
EndProject
Project("{FAE04EC0-301F-11D3-BF4B-00C04F79EFBC}") = "Target.Site.8.1.0.NonUmbracoForm", "Target.Site.8.1.0.NonUmbracoForm\Target.Site.8.1.0.NonUmbracoForm.csproj", "{72EBABAF-8427-498C-A7B2-86501B8381A9}"
EndProject
Project("{FAE04EC0-301F-11D3-BF4B-00C04F79EFBC}") = "Target.Site.8.0.2", "Target.Site.8.0.2\Target.Site.8.0.2.csproj", "{4403A466-5E24-40B3-9468-DE834F52408B}"
EndProject
Global
	GlobalSection(SolutionConfigurationPlatforms) = preSolution
		Debug|Any CPU = Debug|Any CPU
		Release|Any CPU = Release|Any CPU
	EndGlobalSection
	GlobalSection(ProjectConfigurationPlatforms) = postSolution
		{3F479CC7-2479-4837-8032-3049D2030F6E}.Debug|Any CPU.ActiveCfg = Debug|Any CPU
		{3F479CC7-2479-4837-8032-3049D2030F6E}.Debug|Any CPU.Build.0 = Debug|Any CPU
		{3F479CC7-2479-4837-8032-3049D2030F6E}.Release|Any CPU.ActiveCfg = Release|Any CPU
		{3F479CC7-2479-4837-8032-3049D2030F6E}.Release|Any CPU.Build.0 = Release|Any CPU
		{DEBC2B7F-71D5-4572-A5C7-E2CA57386E03}.Debug|Any CPU.ActiveCfg = Debug|Any CPU
		{DEBC2B7F-71D5-4572-A5C7-E2CA57386E03}.Debug|Any CPU.Build.0 = Debug|Any CPU
		{DEBC2B7F-71D5-4572-A5C7-E2CA57386E03}.Release|Any CPU.ActiveCfg = Release|Any CPU
		{DEBC2B7F-71D5-4572-A5C7-E2CA57386E03}.Release|Any CPU.Build.0 = Release|Any CPU
		{72EBABAF-8427-498C-A7B2-86501B8381A9}.Debug|Any CPU.ActiveCfg = Debug|Any CPU
		{72EBABAF-8427-498C-A7B2-86501B8381A9}.Debug|Any CPU.Build.0 = Debug|Any CPU
		{72EBABAF-8427-498C-A7B2-86501B8381A9}.Release|Any CPU.ActiveCfg = Release|Any CPU
		{72EBABAF-8427-498C-A7B2-86501B8381A9}.Release|Any CPU.Build.0 = Release|Any CPU
		{4403A466-5E24-40B3-9468-DE834F52408B}.Debug|Any CPU.ActiveCfg = Debug|Any CPU
		{4403A466-5E24-40B3-9468-DE834F52408B}.Debug|Any CPU.Build.0 = Debug|Any CPU
		{4403A466-5E24-40B3-9468-DE834F52408B}.Release|Any CPU.ActiveCfg = Release|Any CPU
		{4403A466-5E24-40B3-9468-DE834F52408B}.Release|Any CPU.Build.0 = Release|Any CPU
	EndGlobalSection
	GlobalSection(SolutionProperties) = preSolution
		HideSolutionNode = FALSE
	EndGlobalSection
	GlobalSection(ExtensibilityGlobals) = postSolution
		SolutionGuid = {1FF9B697-0A12-41BF-BBB8-C0B06A75697E}
	EndGlobalSection
EndGlobal
